// !$*UTF8*$!
{
	archiveVersion = 1;
	classes = {
	};
	objectVersion = 50;
	objects = {

/* Begin PBXBuildFile section */
		1A08814123462204004B1690 /* BigButton.swift in Sources */ = {isa = PBXBuildFile; fileRef = 1A08814023462204004B1690 /* BigButton.swift */; };
		1A2E8B24233B884700BC113C /* AppDelegate.swift in Sources */ = {isa = PBXBuildFile; fileRef = 1A2E8B23233B884700BC113C /* AppDelegate.swift */; };
		1A2E8B26233B884700BC113C /* SceneDelegate.swift in Sources */ = {isa = PBXBuildFile; fileRef = 1A2E8B25233B884700BC113C /* SceneDelegate.swift */; };
		1A2E8B29233B884700BC113C /* projectglory.xcdatamodeld in Sources */ = {isa = PBXBuildFile; fileRef = 1A2E8B27233B884700BC113C /* projectglory.xcdatamodeld */; };
		1A2E8B2B233B884700BC113C /* ContentView.swift in Sources */ = {isa = PBXBuildFile; fileRef = 1A2E8B2A233B884700BC113C /* ContentView.swift */; };
		1A2E8B2D233B884900BC113C /* Assets.xcassets in Resources */ = {isa = PBXBuildFile; fileRef = 1A2E8B2C233B884900BC113C /* Assets.xcassets */; };
		1A2E8B30233B884900BC113C /* Preview Assets.xcassets in Resources */ = {isa = PBXBuildFile; fileRef = 1A2E8B2F233B884900BC113C /* Preview Assets.xcassets */; };
		1A2E8B33233B884900BC113C /* LaunchScreen.storyboard in Resources */ = {isa = PBXBuildFile; fileRef = 1A2E8B31233B884900BC113C /* LaunchScreen.storyboard */; };
		1A791C3F234773C8004C54BF /* Attribute.swift in Sources */ = {isa = PBXBuildFile; fileRef = 1A791C3E234773C8004C54BF /* Attribute.swift */; };
		1A791C412347927C004C54BF /* CompassService.swift in Sources */ = {isa = PBXBuildFile; fileRef = 1A791C402347927C004C54BF /* CompassService.swift */; };
		1A791C4323479BFE004C54BF /* SettingsService.swift in Sources */ = {isa = PBXBuildFile; fileRef = 1A791C4223479BFE004C54BF /* SettingsService.swift */; };
		1AA4EDB6233E1B70007A1753 /* DiaryAttributeInputView.swift in Sources */ = {isa = PBXBuildFile; fileRef = 1AA4EDB5233E1B70007A1753 /* DiaryAttributeInputView.swift */; };
		1AA4EDBB233E2BFE007A1753 /* DiaryService.swift in Sources */ = {isa = PBXBuildFile; fileRef = 1AA4EDBA233E2BFE007A1753 /* DiaryService.swift */; };
		1AA4EDBE233E5D24007A1753 /* DiaryEntry.swift in Sources */ = {isa = PBXBuildFile; fileRef = 1AA4EDBD233E5D24007A1753 /* DiaryEntry.swift */; };
		1AA52E2F233BB24600C6E918 /* WeekView.swift in Sources */ = {isa = PBXBuildFile; fileRef = 1AA52E2E233BB24600C6E918 /* WeekView.swift */; };
		1AA52E31233BCE9700C6E918 /* ArrowView.swift in Sources */ = {isa = PBXBuildFile; fileRef = 1AA52E30233BCE9700C6E918 /* ArrowView.swift */; };
		1AA52E33233CEC4600C6E918 /* DiaryTabView.swift in Sources */ = {isa = PBXBuildFile; fileRef = 1AA52E32233CEC4600C6E918 /* DiaryTabView.swift */; };
		1AA52E35233CF15C00C6E918 /* CompassTabView.swift in Sources */ = {isa = PBXBuildFile; fileRef = 1AA52E34233CF15C00C6E918 /* CompassTabView.swift */; };
		1AA52E37233CF16800C6E918 /* SettingsTabView.swift in Sources */ = {isa = PBXBuildFile; fileRef = 1AA52E36233CF16800C6E918 /* SettingsTabView.swift */; };
		1ABA398F23475BB100ED6546 /* DiaryEntryView.swift in Sources */ = {isa = PBXBuildFile; fileRef = 1ABA398E23475BB100ED6546 /* DiaryEntryView.swift */; };
		1ABA3992234764E100ED6546 /* CompassTabPlaceholderView.swift in Sources */ = {isa = PBXBuildFile; fileRef = 1ABA3991234764E100ED6546 /* CompassTabPlaceholderView.swift */; };
		1ABA3994234765B700ED6546 /* SettingsTabPlaceholderView.swift in Sources */ = {isa = PBXBuildFile; fileRef = 1ABA3993234765B700ED6546 /* SettingsTabPlaceholderView.swift */; };
		1AEF6936235C7DCB0006910D /* LogService.swift in Sources */ = {isa = PBXBuildFile; fileRef = 1AEF6935235C7DCB0006910D /* LogService.swift */; };
		1AEF6938235C8BFD0006910D /* UpdateService.swift in Sources */ = {isa = PBXBuildFile; fileRef = 1AEF6937235C8BFD0006910D /* UpdateService.swift */; };
		1AEF693B235C9D050006910D /* UpdateNotesView.swift in Sources */ = {isa = PBXBuildFile; fileRef = 1AEF693A235C9D050006910D /* UpdateNotesView.swift */; };
		1AEF693F235CA64F0006910D /* 1.0.3.txt in Resources */ = {isa = PBXBuildFile; fileRef = 1AEF693E235CA64F0006910D /* 1.0.3.txt */; };
/* End PBXBuildFile section */

/* Begin PBXFileReference section */
		1A08814023462204004B1690 /* BigButton.swift */ = {isa = PBXFileReference; lastKnownFileType = sourcecode.swift; path = BigButton.swift; sourceTree = "<group>"; };
		1A2E8B20233B884700BC113C /* Project Glory.app */ = {isa = PBXFileReference; explicitFileType = wrapper.application; includeInIndex = 0; path = "Project Glory.app"; sourceTree = BUILT_PRODUCTS_DIR; };
		1A2E8B23233B884700BC113C /* AppDelegate.swift */ = {isa = PBXFileReference; lastKnownFileType = sourcecode.swift; path = AppDelegate.swift; sourceTree = "<group>"; };
		1A2E8B25233B884700BC113C /* SceneDelegate.swift */ = {isa = PBXFileReference; lastKnownFileType = sourcecode.swift; path = SceneDelegate.swift; sourceTree = "<group>"; };
		1A2E8B28233B884700BC113C /* projectglory.xcdatamodel */ = {isa = PBXFileReference; lastKnownFileType = wrapper.xcdatamodel; path = projectglory.xcdatamodel; sourceTree = "<group>"; };
		1A2E8B2A233B884700BC113C /* ContentView.swift */ = {isa = PBXFileReference; lastKnownFileType = sourcecode.swift; path = ContentView.swift; sourceTree = "<group>"; };
		1A2E8B2C233B884900BC113C /* Assets.xcassets */ = {isa = PBXFileReference; lastKnownFileType = folder.assetcatalog; path = Assets.xcassets; sourceTree = "<group>"; };
		1A2E8B2F233B884900BC113C /* Preview Assets.xcassets */ = {isa = PBXFileReference; lastKnownFileType = folder.assetcatalog; path = "Preview Assets.xcassets"; sourceTree = "<group>"; };
		1A2E8B32233B884900BC113C /* Base */ = {isa = PBXFileReference; lastKnownFileType = file.storyboard; name = Base; path = Base.lproj/LaunchScreen.storyboard; sourceTree = "<group>"; };
		1A2E8B34233B884900BC113C /* Info.plist */ = {isa = PBXFileReference; lastKnownFileType = text.plist.xml; path = Info.plist; sourceTree = "<group>"; };
		1A791C3E234773C8004C54BF /* Attribute.swift */ = {isa = PBXFileReference; lastKnownFileType = sourcecode.swift; path = Attribute.swift; sourceTree = "<group>"; };
		1A791C402347927C004C54BF /* CompassService.swift */ = {isa = PBXFileReference; lastKnownFileType = sourcecode.swift; path = CompassService.swift; sourceTree = "<group>"; };
		1A791C4223479BFE004C54BF /* SettingsService.swift */ = {isa = PBXFileReference; lastKnownFileType = sourcecode.swift; path = SettingsService.swift; sourceTree = "<group>"; };
		1A791C442347A484004C54BF /* Project Glory.entitlements */ = {isa = PBXFileReference; lastKnownFileType = text.plist.entitlements; path = "Project Glory.entitlements"; sourceTree = "<group>"; };
		1AA4EDB5233E1B70007A1753 /* DiaryAttributeInputView.swift */ = {isa = PBXFileReference; lastKnownFileType = sourcecode.swift; path = DiaryAttributeInputView.swift; sourceTree = "<group>"; };
		1AA4EDBA233E2BFE007A1753 /* DiaryService.swift */ = {isa = PBXFileReference; lastKnownFileType = sourcecode.swift; path = DiaryService.swift; sourceTree = "<group>"; };
		1AA4EDBD233E5D24007A1753 /* DiaryEntry.swift */ = {isa = PBXFileReference; lastKnownFileType = sourcecode.swift; path = DiaryEntry.swift; sourceTree = "<group>"; };
		1AA52E2E233BB24600C6E918 /* WeekView.swift */ = {isa = PBXFileReference; lastKnownFileType = sourcecode.swift; path = WeekView.swift; sourceTree = "<group>"; };
		1AA52E30233BCE9700C6E918 /* ArrowView.swift */ = {isa = PBXFileReference; lastKnownFileType = sourcecode.swift; path = ArrowView.swift; sourceTree = "<group>"; };
		1AA52E32233CEC4600C6E918 /* DiaryTabView.swift */ = {isa = PBXFileReference; lastKnownFileType = sourcecode.swift; path = DiaryTabView.swift; sourceTree = "<group>"; };
		1AA52E34233CF15C00C6E918 /* CompassTabView.swift */ = {isa = PBXFileReference; lastKnownFileType = sourcecode.swift; path = CompassTabView.swift; sourceTree = "<group>"; };
		1AA52E36233CF16800C6E918 /* SettingsTabView.swift */ = {isa = PBXFileReference; lastKnownFileType = sourcecode.swift; path = SettingsTabView.swift; sourceTree = "<group>"; };
		1ABA398E23475BB100ED6546 /* DiaryEntryView.swift */ = {isa = PBXFileReference; lastKnownFileType = sourcecode.swift; path = DiaryEntryView.swift; sourceTree = "<group>"; };
		1ABA3991234764E100ED6546 /* CompassTabPlaceholderView.swift */ = {isa = PBXFileReference; lastKnownFileType = sourcecode.swift; path = CompassTabPlaceholderView.swift; sourceTree = "<group>"; };
		1ABA3993234765B700ED6546 /* SettingsTabPlaceholderView.swift */ = {isa = PBXFileReference; lastKnownFileType = sourcecode.swift; path = SettingsTabPlaceholderView.swift; sourceTree = "<group>"; };
		1AEF6935235C7DCB0006910D /* LogService.swift */ = {isa = PBXFileReference; lastKnownFileType = sourcecode.swift; path = LogService.swift; sourceTree = "<group>"; };
		1AEF6937235C8BFD0006910D /* UpdateService.swift */ = {isa = PBXFileReference; lastKnownFileType = sourcecode.swift; path = UpdateService.swift; sourceTree = "<group>"; };
		1AEF693A235C9D050006910D /* UpdateNotesView.swift */ = {isa = PBXFileReference; lastKnownFileType = sourcecode.swift; path = UpdateNotesView.swift; sourceTree = "<group>"; };
		1AEF693E235CA64F0006910D /* 1.0.3.txt */ = {isa = PBXFileReference; lastKnownFileType = text; path = 1.0.3.txt; sourceTree = "<group>"; };
/* End PBXFileReference section */

/* Begin PBXFrameworksBuildPhase section */
		1A2E8B1D233B884700BC113C /* Frameworks */ = {
			isa = PBXFrameworksBuildPhase;
			buildActionMask = 2147483647;
			files = (
			);
			runOnlyForDeploymentPostprocessing = 0;
		};
/* End PBXFrameworksBuildPhase section */

/* Begin PBXGroup section */
		1A1E29F7233E0FBF00BC9B2A /* Diary */ = {
			isa = PBXGroup;
			children = (
				1AA4EDBC233E5D0B007A1753 /* Entities */,
				1AA52E32233CEC4600C6E918 /* DiaryTabView.swift */,
				1AA4EDB5233E1B70007A1753 /* DiaryAttributeInputView.swift */,
				1AA4EDBA233E2BFE007A1753 /* DiaryService.swift */,
				1ABA398E23475BB100ED6546 /* DiaryEntryView.swift */,
			);
			path = Diary;
			sourceTree = "<group>";
		};
		1A2E8B17233B884700BC113C = {
			isa = PBXGroup;
			children = (
				1A2E8B22233B884700BC113C /* Project Glory */,
				1A2E8B21233B884700BC113C /* Products */,
			);
			sourceTree = "<group>";
		};
		1A2E8B21233B884700BC113C /* Products */ = {
			isa = PBXGroup;
			children = (
				1A2E8B20233B884700BC113C /* Project Glory.app */,
			);
			name = Products;
			sourceTree = "<group>";
		};
		1A2E8B22233B884700BC113C /* Project Glory */ = {
			isa = PBXGroup;
			children = (
				1AEF6939235C90600006910D /* Updates */,
				1A791C442347A484004C54BF /* Project Glory.entitlements */,
				1ABF5323233E10F30043CD80 /* Shared Views */,
				1ABF5322233E10EB0043CD80 /* Compass */,
				1ABF5321233E10E20043CD80 /* Settings */,
				1A1E29F7233E0FBF00BC9B2A /* Diary */,
				1A2E8B23233B884700BC113C /* AppDelegate.swift */,
				1A2E8B2A233B884700BC113C /* ContentView.swift */,
				1A2E8B25233B884700BC113C /* SceneDelegate.swift */,
				1A2E8B2C233B884900BC113C /* Assets.xcassets */,
				1A2E8B31233B884900BC113C /* LaunchScreen.storyboard */,
				1A2E8B34233B884900BC113C /* Info.plist */,
				1A2E8B27233B884700BC113C /* projectglory.xcdatamodeld */,
				1A2E8B2E233B884900BC113C /* Preview Content */,
				1A791C3E234773C8004C54BF /* Attribute.swift */,
				1AEF6935235C7DCB0006910D /* LogService.swift */,
				1AEF6937235C8BFD0006910D /* UpdateService.swift */,
			);
			path = "Project Glory";
			sourceTree = "<group>";
		};
		1A2E8B2E233B884900BC113C /* Preview Content */ = {
			isa = PBXGroup;
			children = (
				1A2E8B2F233B884900BC113C /* Preview Assets.xcassets */,
			);
			path = "Preview Content";
			sourceTree = "<group>";
		};
		1AA4EDBC233E5D0B007A1753 /* Entities */ = {
			isa = PBXGroup;
			children = (
				1AA4EDBD233E5D24007A1753 /* DiaryEntry.swift */,
			);
			path = Entities;
			sourceTree = "<group>";
		};
		1ABF5321233E10E20043CD80 /* Settings */ = {
			isa = PBXGroup;
			children = (
				1AA52E36233CF16800C6E918 /* SettingsTabView.swift */,
				1ABA3993234765B700ED6546 /* SettingsTabPlaceholderView.swift */,
				1A791C4223479BFE004C54BF /* SettingsService.swift */,
			);
			path = Settings;
			sourceTree = "<group>";
		};
		1ABF5322233E10EB0043CD80 /* Compass */ = {
			isa = PBXGroup;
			children = (
				1AA52E30233BCE9700C6E918 /* ArrowView.swift */,
				1AA52E34233CF15C00C6E918 /* CompassTabView.swift */,
				1ABA3991234764E100ED6546 /* CompassTabPlaceholderView.swift */,
				1A791C402347927C004C54BF /* CompassService.swift */,
			);
			path = Compass;
			sourceTree = "<group>";
		};
		1ABF5323233E10F30043CD80 /* Shared Views */ = {
			isa = PBXGroup;
			children = (
				1AA52E2E233BB24600C6E918 /* WeekView.swift */,
				1A08814023462204004B1690 /* BigButton.swift */,
				1AEF693A235C9D050006910D /* UpdateNotesView.swift */,
			);
			path = "Shared Views";
			sourceTree = "<group>";
		};
		1AEF6939235C90600006910D /* Updates */ = {
			isa = PBXGroup;
			children = (
				1AEF693E235CA64F0006910D /* 1.0.3.txt */,
			);
			path = Updates;
			sourceTree = "<group>";
		};
/* End PBXGroup section */

/* Begin PBXNativeTarget section */
		1A2E8B1F233B884700BC113C /* Project Glory */ = {
			isa = PBXNativeTarget;
			buildConfigurationList = 1A2E8B4D233B884A00BC113C /* Build configuration list for PBXNativeTarget "Project Glory" */;
			buildPhases = (
				1A2E8B1C233B884700BC113C /* Sources */,
				1A2E8B1D233B884700BC113C /* Frameworks */,
				1A2E8B1E233B884700BC113C /* Resources */,
			);
			buildRules = (
			);
			dependencies = (
			);
			name = "Project Glory";
			packageProductDependencies = (
			);
			productName = projectglory;
			productReference = 1A2E8B20233B884700BC113C /* Project Glory.app */;
			productType = "com.apple.product-type.application";
		};
/* End PBXNativeTarget section */

/* Begin PBXProject section */
		1A2E8B18233B884700BC113C /* Project object */ = {
			isa = PBXProject;
			attributes = {
				LastSwiftUpdateCheck = 1100;
				LastUpgradeCheck = 1100;
				ORGANIZATIONNAME = "James Williams";
				TargetAttributes = {
					1A2E8B1F233B884700BC113C = {
						CreatedOnToolsVersion = 11.0;
					};
				};
			};
			buildConfigurationList = 1A2E8B1B233B884700BC113C /* Build configuration list for PBXProject "Project Glory" */;
			compatibilityVersion = "Xcode 9.3";
			developmentRegion = en;
			hasScannedForEncodings = 0;
			knownRegions = (
				en,
				Base,
			);
			mainGroup = 1A2E8B17233B884700BC113C;
			packageReferences = (
			);
			productRefGroup = 1A2E8B21233B884700BC113C /* Products */;
			projectDirPath = "";
			projectRoot = "";
			targets = (
				1A2E8B1F233B884700BC113C /* Project Glory */,
			);
		};
/* End PBXProject section */

/* Begin PBXResourcesBuildPhase section */
		1A2E8B1E233B884700BC113C /* Resources */ = {
			isa = PBXResourcesBuildPhase;
			buildActionMask = 2147483647;
			files = (
				1A2E8B33233B884900BC113C /* LaunchScreen.storyboard in Resources */,
				1A2E8B30233B884900BC113C /* Preview Assets.xcassets in Resources */,
				1A2E8B2D233B884900BC113C /* Assets.xcassets in Resources */,
				1AEF693F235CA64F0006910D /* 1.0.3.txt in Resources */,
			);
			runOnlyForDeploymentPostprocessing = 0;
		};
/* End PBXResourcesBuildPhase section */

/* Begin PBXSourcesBuildPhase section */
		1A2E8B1C233B884700BC113C /* Sources */ = {
			isa = PBXSourcesBuildPhase;
			buildActionMask = 2147483647;
			files = (
				1AA4EDB6233E1B70007A1753 /* DiaryAttributeInputView.swift in Sources */,
				1A2E8B24233B884700BC113C /* AppDelegate.swift in Sources */,
				1ABA3994234765B700ED6546 /* SettingsTabPlaceholderView.swift in Sources */,
				1AA52E2F233BB24600C6E918 /* WeekView.swift in Sources */,
				1A08814123462204004B1690 /* BigButton.swift in Sources */,
				1AA4EDBB233E2BFE007A1753 /* DiaryService.swift in Sources */,
				1AEF6938235C8BFD0006910D /* UpdateService.swift in Sources */,
				1AEF693B235C9D050006910D /* UpdateNotesView.swift in Sources */,
				1ABA398F23475BB100ED6546 /* DiaryEntryView.swift in Sources */,
				1AA52E31233BCE9700C6E918 /* ArrowView.swift in Sources */,
				1AA52E37233CF16800C6E918 /* SettingsTabView.swift in Sources */,
				1AA52E33233CEC4600C6E918 /* DiaryTabView.swift in Sources */,
				1AEF6936235C7DCB0006910D /* LogService.swift in Sources */,
				1A791C412347927C004C54BF /* CompassService.swift in Sources */,
				1A2E8B26233B884700BC113C /* SceneDelegate.swift in Sources */,
				1AA52E35233CF15C00C6E918 /* CompassTabView.swift in Sources */,
				1ABA3992234764E100ED6546 /* CompassTabPlaceholderView.swift in Sources */,
				1A2E8B2B233B884700BC113C /* ContentView.swift in Sources */,
				1AA4EDBE233E5D24007A1753 /* DiaryEntry.swift in Sources */,
				1A791C3F234773C8004C54BF /* Attribute.swift in Sources */,
				1A2E8B29233B884700BC113C /* projectglory.xcdatamodeld in Sources */,
				1A791C4323479BFE004C54BF /* SettingsService.swift in Sources */,
			);
			runOnlyForDeploymentPostprocessing = 0;
		};
/* End PBXSourcesBuildPhase section */

/* Begin PBXVariantGroup section */
		1A2E8B31233B884900BC113C /* LaunchScreen.storyboard */ = {
			isa = PBXVariantGroup;
			children = (
				1A2E8B32233B884900BC113C /* Base */,
			);
			name = LaunchScreen.storyboard;
			sourceTree = "<group>";
		};
/* End PBXVariantGroup section */

/* Begin XCBuildConfiguration section */
		1A2E8B4B233B884A00BC113C /* Debug */ = {
			isa = XCBuildConfiguration;
			buildSettings = {
				ALWAYS_SEARCH_USER_PATHS = NO;
				CLANG_ANALYZER_NONNULL = YES;
				CLANG_ANALYZER_NUMBER_OBJECT_CONVERSION = YES_AGGRESSIVE;
				CLANG_CXX_LANGUAGE_STANDARD = "gnu++14";
				CLANG_CXX_LIBRARY = "libc++";
				CLANG_ENABLE_MODULES = YES;
				CLANG_ENABLE_OBJC_ARC = YES;
				CLANG_ENABLE_OBJC_WEAK = YES;
				CLANG_WARN_BLOCK_CAPTURE_AUTORELEASING = YES;
				CLANG_WARN_BOOL_CONVERSION = YES;
				CLANG_WARN_COMMA = YES;
				CLANG_WARN_CONSTANT_CONVERSION = YES;
				CLANG_WARN_DEPRECATED_OBJC_IMPLEMENTATIONS = YES;
				CLANG_WARN_DIRECT_OBJC_ISA_USAGE = YES_ERROR;
				CLANG_WARN_DOCUMENTATION_COMMENTS = YES;
				CLANG_WARN_EMPTY_BODY = YES;
				CLANG_WARN_ENUM_CONVERSION = YES;
				CLANG_WARN_INFINITE_RECURSION = YES;
				CLANG_WARN_INT_CONVERSION = YES;
				CLANG_WARN_NON_LITERAL_NULL_CONVERSION = YES;
				CLANG_WARN_OBJC_IMPLICIT_RETAIN_SELF = YES;
				CLANG_WARN_OBJC_LITERAL_CONVERSION = YES;
				CLANG_WARN_OBJC_ROOT_CLASS = YES_ERROR;
				CLANG_WARN_RANGE_LOOP_ANALYSIS = YES;
				CLANG_WARN_STRICT_PROTOTYPES = YES;
				CLANG_WARN_SUSPICIOUS_MOVE = YES;
				CLANG_WARN_UNGUARDED_AVAILABILITY = YES_AGGRESSIVE;
				CLANG_WARN_UNREACHABLE_CODE = YES;
				CLANG_WARN__DUPLICATE_METHOD_MATCH = YES;
				COPY_PHASE_STRIP = NO;
				DEBUG_INFORMATION_FORMAT = dwarf;
				ENABLE_STRICT_OBJC_MSGSEND = YES;
				ENABLE_TESTABILITY = YES;
				GCC_C_LANGUAGE_STANDARD = gnu11;
				GCC_DYNAMIC_NO_PIC = NO;
				GCC_NO_COMMON_BLOCKS = YES;
				GCC_OPTIMIZATION_LEVEL = 0;
				GCC_PREPROCESSOR_DEFINITIONS = (
					"DEBUG=1",
					"$(inherited)",
				);
				GCC_WARN_64_TO_32_BIT_CONVERSION = YES;
				GCC_WARN_ABOUT_RETURN_TYPE = YES_ERROR;
				GCC_WARN_UNDECLARED_SELECTOR = YES;
				GCC_WARN_UNINITIALIZED_AUTOS = YES_AGGRESSIVE;
				GCC_WARN_UNUSED_FUNCTION = YES;
				GCC_WARN_UNUSED_VARIABLE = YES;
				IPHONEOS_DEPLOYMENT_TARGET = 13.0;
				MTL_ENABLE_DEBUG_INFO = INCLUDE_SOURCE;
				MTL_FAST_MATH = YES;
				ONLY_ACTIVE_ARCH = YES;
				SDKROOT = iphoneos;
				SWIFT_ACTIVE_COMPILATION_CONDITIONS = DEBUG;
				SWIFT_OPTIMIZATION_LEVEL = "-Onone";
			};
			name = Debug;
		};
		1A2E8B4C233B884A00BC113C /* Release */ = {
			isa = XCBuildConfiguration;
			buildSettings = {
				ALWAYS_SEARCH_USER_PATHS = NO;
				CLANG_ANALYZER_NONNULL = YES;
				CLANG_ANALYZER_NUMBER_OBJECT_CONVERSION = YES_AGGRESSIVE;
				CLANG_CXX_LANGUAGE_STANDARD = "gnu++14";
				CLANG_CXX_LIBRARY = "libc++";
				CLANG_ENABLE_MODULES = YES;
				CLANG_ENABLE_OBJC_ARC = YES;
				CLANG_ENABLE_OBJC_WEAK = YES;
				CLANG_WARN_BLOCK_CAPTURE_AUTORELEASING = YES;
				CLANG_WARN_BOOL_CONVERSION = YES;
				CLANG_WARN_COMMA = YES;
				CLANG_WARN_CONSTANT_CONVERSION = YES;
				CLANG_WARN_DEPRECATED_OBJC_IMPLEMENTATIONS = YES;
				CLANG_WARN_DIRECT_OBJC_ISA_USAGE = YES_ERROR;
				CLANG_WARN_DOCUMENTATION_COMMENTS = YES;
				CLANG_WARN_EMPTY_BODY = YES;
				CLANG_WARN_ENUM_CONVERSION = YES;
				CLANG_WARN_INFINITE_RECURSION = YES;
				CLANG_WARN_INT_CONVERSION = YES;
				CLANG_WARN_NON_LITERAL_NULL_CONVERSION = YES;
				CLANG_WARN_OBJC_IMPLICIT_RETAIN_SELF = YES;
				CLANG_WARN_OBJC_LITERAL_CONVERSION = YES;
				CLANG_WARN_OBJC_ROOT_CLASS = YES_ERROR;
				CLANG_WARN_RANGE_LOOP_ANALYSIS = YES;
				CLANG_WARN_STRICT_PROTOTYPES = YES;
				CLANG_WARN_SUSPICIOUS_MOVE = YES;
				CLANG_WARN_UNGUARDED_AVAILABILITY = YES_AGGRESSIVE;
				CLANG_WARN_UNREACHABLE_CODE = YES;
				CLANG_WARN__DUPLICATE_METHOD_MATCH = YES;
				COPY_PHASE_STRIP = NO;
				DEBUG_INFORMATION_FORMAT = "dwarf-with-dsym";
				ENABLE_NS_ASSERTIONS = NO;
				ENABLE_STRICT_OBJC_MSGSEND = YES;
				GCC_C_LANGUAGE_STANDARD = gnu11;
				GCC_NO_COMMON_BLOCKS = YES;
				GCC_WARN_64_TO_32_BIT_CONVERSION = YES;
				GCC_WARN_ABOUT_RETURN_TYPE = YES_ERROR;
				GCC_WARN_UNDECLARED_SELECTOR = YES;
				GCC_WARN_UNINITIALIZED_AUTOS = YES_AGGRESSIVE;
				GCC_WARN_UNUSED_FUNCTION = YES;
				GCC_WARN_UNUSED_VARIABLE = YES;
				IPHONEOS_DEPLOYMENT_TARGET = 13.0;
				MTL_ENABLE_DEBUG_INFO = NO;
				MTL_FAST_MATH = YES;
				SDKROOT = iphoneos;
				SWIFT_COMPILATION_MODE = wholemodule;
				SWIFT_OPTIMIZATION_LEVEL = "-O";
				VALIDATE_PRODUCT = YES;
			};
			name = Release;
		};
		1A2E8B4E233B884A00BC113C /* Debug */ = {
			isa = XCBuildConfiguration;
			buildSettings = {
				ASSETCATALOG_COMPILER_APPICON_NAME = AppIcon;
				CODE_SIGN_ENTITLEMENTS = "Project Glory/Project Glory.entitlements";
				CODE_SIGN_IDENTITY = "Apple Development";
				CODE_SIGN_STYLE = Automatic;
				CURRENT_PROJECT_VERSION = 5;
				DEVELOPMENT_ASSET_PATHS = "\"Project Glory/Preview Content\"";
				DEVELOPMENT_TEAM = Q6A6V2T4L3;
				ENABLE_PREVIEWS = YES;
				INFOPLIST_FILE = "$(SRCROOT)/Project Glory/Info.plist";
				LD_RUNPATH_SEARCH_PATHS = (
					"$(inherited)",
					"@executable_path/Frameworks",
				);
				MARKETING_VERSION = 1.0.3;
				PRODUCT_BUNDLE_IDENTIFIER = org.projecthoneycomb.projectglory;
				PRODUCT_NAME = "Project Glory";
				PROVISIONING_PROFILE_SPECIFIER = "";
				SUPPORTS_MACCATALYST = NO;
				SWIFT_VERSION = 5.0;
				TARGETED_DEVICE_FAMILY = 1;
			};
			name = Debug;
		};
		1A2E8B4F233B884A00BC113C /* Release */ = {
			isa = XCBuildConfiguration;
			buildSettings = {
				ASSETCATALOG_COMPILER_APPICON_NAME = AppIcon;
				CODE_SIGN_ENTITLEMENTS = "Project Glory/Project Glory.entitlements";
				CODE_SIGN_IDENTITY = "Apple Development";
				CODE_SIGN_STYLE = Automatic;
				CURRENT_PROJECT_VERSION = 5;
				DEVELOPMENT_ASSET_PATHS = "\"Project Glory/Preview Content\"";
				DEVELOPMENT_TEAM = Q6A6V2T4L3;
				ENABLE_PREVIEWS = YES;
				INFOPLIST_FILE = "$(SRCROOT)/Project Glory/Info.plist";
				LD_RUNPATH_SEARCH_PATHS = (
					"$(inherited)",
					"@executable_path/Frameworks",
				);
				MARKETING_VERSION = 1.0.3;
				PRODUCT_BUNDLE_IDENTIFIER = org.projecthoneycomb.projectglory;
				PRODUCT_NAME = "Project Glory";
				PROVISIONING_PROFILE_SPECIFIER = "";
				SUPPORTS_MACCATALYST = NO;
				SWIFT_VERSION = 5.0;
				TARGETED_DEVICE_FAMILY = 1;
			};
			name = Release;
		};
/* End XCBuildConfiguration section */

/* Begin XCConfigurationList section */
		1A2E8B1B233B884700BC113C /* Build configuration list for PBXProject "Project Glory" */ = {
			isa = XCConfigurationList;
			buildConfigurations = (
				1A2E8B4B233B884A00BC113C /* Debug */,
				1A2E8B4C233B884A00BC113C /* Release */,
			);
			defaultConfigurationIsVisible = 0;
			defaultConfigurationName = Release;
		};
		1A2E8B4D233B884A00BC113C /* Build configuration list for PBXNativeTarget "Project Glory" */ = {
			isa = XCConfigurationList;
			buildConfigurations = (
				1A2E8B4E233B884A00BC113C /* Debug */,
				1A2E8B4F233B884A00BC113C /* Release */,
			);
			defaultConfigurationIsVisible = 0;
			defaultConfigurationName = Release;
		};
/* End XCConfigurationList section */

/* Begin XCVersionGroup section */
		1A2E8B27233B884700BC113C /* projectglory.xcdatamodeld */ = {
			isa = XCVersionGroup;
			children = (
				1A2E8B28233B884700BC113C /* projectglory.xcdatamodel */,
			);
			currentVersion = 1A2E8B28233B884700BC113C /* projectglory.xcdatamodel */;
			path = projectglory.xcdatamodeld;
			sourceTree = "<group>";
			versionGroupType = wrapper.xcdatamodel;
		};
/* End XCVersionGroup section */
	};
	rootObject = 1A2E8B18233B884700BC113C /* Project object */;
}
